
Microsoft Visual Studio Solution File, Format Version 12.00
# Visual Studio Version 16
VisualStudioVersion = 16.0.810.16
MinimumVisualStudioVersion = 10.0.40219.1
Project("{FAE04EC0-301F-11D3-BF4B-00C04F79EFBC}") = "WaterReminder.iOS", "WaterReminder.iOS\WaterReminder.iOS.csproj", "{360DB2D9-270F-45A5-BD3B-B51C8F165046}"
EndProject
Project("{FAE04EC0-301F-11D3-BF4B-00C04F79EFBC}") = "WaterReminder", "WaterReminder\WaterReminder.csproj", "{92AF79B9-9652-46DF-8CC0-794815F4DD12}"
EndProject
Project("{FAE04EC0-301F-11D3-BF4B-00C04F79EFBC}") = "WaterReminder.Android", "WaterReminder.Android\WaterReminder.Android.csproj", "{7921060C-2983-460D-B817-F158ECCE5FD0}"
EndProject
Global
	GlobalSection(SolutionConfigurationPlatforms) = preSolution
		Debug|Any CPU = Debug|Any CPU
		Release|Any CPU = Release|Any CPU
		Debug|iPhoneSimulator = Debug|iPhoneSimulator
		Release|iPhoneSimulator = Release|iPhoneSimulator
		Debug|iPhone = Debug|iPhone
		Release|iPhone = Release|iPhone
	EndGlobalSection
	GlobalSection(ProjectConfigurationPlatforms) = postSolution
		{360DB2D9-270F-45A5-BD3B-B51C8F165046}.Debug|Any CPU.ActiveCfg = Debug|iPhoneSimulator
		{360DB2D9-270F-45A5-BD3B-B51C8F165046}.Debug|Any CPU.Build.0 = Debug|iPhoneSimulator
		{360DB2D9-270F-45A5-BD3B-B51C8F165046}.Release|Any CPU.ActiveCfg = Release|iPhoneSimulator
		{360DB2D9-270F-45A5-BD3B-B51C8F165046}.Release|Any CPU.Build.0 = Release|iPhoneSimulator
		{360DB2D9-270F-45A5-BD3B-B51C8F165046}.Debug|iPhoneSimulator.ActiveCfg = Debug|iPhoneSimulator
		{360DB2D9-270F-45A5-BD3B-B51C8F165046}.Debug|iPhoneSimulator.Build.0 = Debug|iPhoneSimulator
		{360DB2D9-270F-45A5-BD3B-B51C8F165046}.Release|iPhoneSimulator.ActiveCfg = Release|iPhoneSimulator
		{360DB2D9-270F-45A5-BD3B-B51C8F165046}.Release|iPhoneSimulator.Build.0 = Release|iPhoneSimulator
		{360DB2D9-270F-45A5-BD3B-B51C8F165046}.Debug|iPhone.ActiveCfg = Debug|iPhone
		{360DB2D9-270F-45A5-BD3B-B51C8F165046}.Debug|iPhone.Build.0 = Debug|iPhone
		{360DB2D9-270F-45A5-BD3B-B51C8F165046}.Release|iPhone.ActiveCfg = Release|iPhone
		{360DB2D9-270F-45A5-BD3B-B51C8F165046}.Release|iPhone.Build.0 = Release|iPhone
		{92AF79B9-9652-46DF-8CC0-794815F4DD12}.Debug|Any CPU.ActiveCfg = Debug|Any CPU
		{92AF79B9-9652-46DF-8CC0-794815F4DD12}.Debug|Any CPU.Build.0 = Debug|Any CPU
		{92AF79B9-9652-46DF-8CC0-794815F4DD12}.Release|Any CPU.ActiveCfg = Release|Any CPU
		{92AF79B9-9652-46DF-8CC0-794815F4DD12}.Release|Any CPU.Build.0 = Release|Any CPU
		{92AF79B9-9652-46DF-8CC0-794815F4DD12}.Debug|iPhoneSimulator.ActiveCfg = Debug|Any CPU
		{92AF79B9-9652-46DF-8CC0-794815F4DD12}.Debug|iPhoneSimulator.Build.0 = Debug|Any CPU
		{92AF79B9-9652-46DF-8CC0-794815F4DD12}.Release|iPhoneSimulator.ActiveCfg = Release|Any CPU
		{92AF79B9-9652-46DF-8CC0-794815F4DD12}.Release|iPhoneSimulator.Build.0 = Release|Any CPU
		{92AF79B9-9652-46DF-8CC0-794815F4DD12}.Debug|iPhone.ActiveCfg = Debug|Any CPU
		{92AF79B9-9652-46DF-8CC0-794815F4DD12}.Debug|iPhone.Build.0 = Debug|Any CPU
		{92AF79B9-9652-46DF-8CC0-794815F4DD12}.Release|iPhone.ActiveCfg = Release|Any CPU
		{92AF79B9-9652-46DF-8CC0-794815F4DD12}.Release|iPhone.Build.0 = Release|Any CPU
		{7921060C-2983-460D-B817-F158ECCE5FD0}.Debug|Any CPU.ActiveCfg = Debug|Any CPU
		{7921060C-2983-460D-B817-F158ECCE5FD0}.Debug|Any CPU.Build.0 = Debug|Any CPU
		{7921060C-2983-460D-B817-F158ECCE5FD0}.Release|Any CPU.ActiveCfg = Release|Any CPU
		{7921060C-2983-460D-B817-F158ECCE5FD0}.Release|Any CPU.Build.0 = Release|Any CPU
		{7921060C-2983-460D-B817-F158ECCE5FD0}.Debug|iPhoneSimulator.ActiveCfg = Debug|Any CPU
		{7921060C-2983-460D-B817-F158ECCE5FD0}.Debug|iPhoneSimulator.Build.0 = Debug|Any CPU
		{7921060C-2983-460D-B817-F158ECCE5FD0}.Release|iPhoneSimulator.ActiveCfg = Release|Any CPU
		{7921060C-2983-460D-B817-F158ECCE5FD0}.Release|iPhoneSimulator.Build.0 = Release|Any CPU
		{7921060C-2983-460D-B817-F158ECCE5FD0}.Debug|iPhone.ActiveCfg = Debug|Any CPU
		{7921060C-2983-460D-B817-F158ECCE5FD0}.Debug|iPhone.Build.0 = Debug|Any CPU
		{7921060C-2983-460D-B817-F158ECCE5FD0}.Release|iPhone.ActiveCfg = Release|Any CPU
		{7921060C-2983-460D-B817-F158ECCE5FD0}.Release|iPhone.Build.0 = Release|Any CPU
	EndGlobalSection
	GlobalSection(SolutionProperties) = preSolution
		HideSolutionNode = FALSE
	EndGlobalSection
	GlobalSection(ExtensibilityGlobals) = postSolution
		SolutionGuid = {A884DDDE-44BD-45FA-8D08-8020A216CEE4}
	EndGlobalSection
EndGlobal
